// !$*UTF8*$!
{
	archiveVersion = 1;
	classes = {
	};
	objectVersion = 50;
	objects = {

/* Begin PBXBuildFile section */
		3355A86D264EA47E00A366D1 /* CountryDetailViewController.swift in Sources */ = {isa = PBXBuildFile; fileRef = 3355A86C264EA47E00A366D1 /* CountryDetailViewController.swift */; };
		3355A870264EA4DB00A366D1 /* SurroundingCountriesCell.swift in Sources */ = {isa = PBXBuildFile; fileRef = 3355A86F264EA4DB00A366D1 /* SurroundingCountriesCell.swift */; };
		33900876264E8C750034BA63 /* AppDelegate.swift in Sources */ = {isa = PBXBuildFile; fileRef = 33900875264E8C750034BA63 /* AppDelegate.swift */; };
		3390087D264E8C750034BA63 /* Main.storyboard in Resources */ = {isa = PBXBuildFile; fileRef = 3390087B264E8C750034BA63 /* Main.storyboard */; };
		3390087F264E8C760034BA63 /* Assets.xcassets in Resources */ = {isa = PBXBuildFile; fileRef = 3390087E264E8C760034BA63 /* Assets.xcassets */; };
		33900882264E8C760034BA63 /* LaunchScreen.storyboard in Resources */ = {isa = PBXBuildFile; fileRef = 33900880264E8C760034BA63 /* LaunchScreen.storyboard */; };
		339008A3264E93E70034BA63 /* CountryCell.swift in Sources */ = {isa = PBXBuildFile; fileRef = 339008A2264E93E70034BA63 /* CountryCell.swift */; };
		339008A6264E94250034BA63 /* CountryListViewController.swift in Sources */ = {isa = PBXBuildFile; fileRef = 339008A5264E94250034BA63 /* CountryListViewController.swift */; };
		339008A9264E94510034BA63 /* CountryObj.swift in Sources */ = {isa = PBXBuildFile; fileRef = 339008A8264E94510034BA63 /* CountryObj.swift */; };
		339008C7264E94CD0034BA63 /* LICENSE in Resources */ = {isa = PBXBuildFile; fileRef = 339008AC264E94CD0034BA63 /* LICENSE */; };
		339008C8264E94CD0034BA63 /* Mappable.swift in Sources */ = {isa = PBXBuildFile; fileRef = 339008AE264E94CD0034BA63 /* Mappable.swift */; };
		339008C9264E94CD0034BA63 /* CustomDateFormatTransform.swift in Sources */ = {isa = PBXBuildFile; fileRef = 339008AF264E94CD0034BA63 /* CustomDateFormatTransform.swift */; };
		339008CA264E94CD0034BA63 /* HexColorTransform.swift in Sources */ = {isa = PBXBuildFile; fileRef = 339008B0264E94CD0034BA63 /* HexColorTransform.swift */; };
		339008CB264E94CD0034BA63 /* ISO8601DateTransform.swift in Sources */ = {isa = PBXBuildFile; fileRef = 339008B1264E94CD0034BA63 /* ISO8601DateTransform.swift */; };
		339008CC264E94CD0034BA63 /* URLTransform.swift in Sources */ = {isa = PBXBuildFile; fileRef = 339008B2264E94CD0034BA63 /* URLTransform.swift */; };
		339008CD264E94CD0034BA63 /* NSDecimalNumberTransform.swift in Sources */ = {isa = PBXBuildFile; fileRef = 339008B3264E94CD0034BA63 /* NSDecimalNumberTransform.swift */; };
		339008CE264E94CD0034BA63 /* Operators.swift in Sources */ = {isa = PBXBuildFile; fileRef = 339008B4264E94CD0034BA63 /* Operators.swift */; };
		339008CF264E94CD0034BA63 /* EnumOperators.swift in Sources */ = {isa = PBXBuildFile; fileRef = 339008B5264E94CD0034BA63 /* EnumOperators.swift */; };
		339008D0264E94CD0034BA63 /* EnumTransform.swift in Sources */ = {isa = PBXBuildFile; fileRef = 339008B6264E94CD0034BA63 /* EnumTransform.swift */; };
		339008D1264E94CD0034BA63 /* DataTransform.swift in Sources */ = {isa = PBXBuildFile; fileRef = 339008B7264E94CD0034BA63 /* DataTransform.swift */; };
		339008D2264E94CD0034BA63 /* Mapper.swift in Sources */ = {isa = PBXBuildFile; fileRef = 339008B8264E94CD0034BA63 /* Mapper.swift */; };
		339008D3264E94CD0034BA63 /* Map.swift in Sources */ = {isa = PBXBuildFile; fileRef = 339008B9264E94CD0034BA63 /* Map.swift */; };
		339008D4264E94CD0034BA63 /* FromJSON.swift in Sources */ = {isa = PBXBuildFile; fileRef = 339008BA264E94CD0034BA63 /* FromJSON.swift */; };
		339008D5264E94CD0034BA63 /* DictionaryTransform.swift in Sources */ = {isa = PBXBuildFile; fileRef = 339008BB264E94CD0034BA63 /* DictionaryTransform.swift */; };
		339008D6264E94CD0034BA63 /* TransformOperators.swift in Sources */ = {isa = PBXBuildFile; fileRef = 339008BC264E94CD0034BA63 /* TransformOperators.swift */; };
		339008D7264E94CD0034BA63 /* CodableTransform.swift in Sources */ = {isa = PBXBuildFile; fileRef = 339008BD264E94CD0034BA63 /* CodableTransform.swift */; };
		339008D8264E94CD0034BA63 /* ImmutableMappable.swift in Sources */ = {isa = PBXBuildFile; fileRef = 339008BE264E94CD0034BA63 /* ImmutableMappable.swift */; };
		339008D9264E94CD0034BA63 /* IntegerOperators.swift in Sources */ = {isa = PBXBuildFile; fileRef = 339008BF264E94CD0034BA63 /* IntegerOperators.swift */; };
		339008DA264E94CD0034BA63 /* TransformType.swift in Sources */ = {isa = PBXBuildFile; fileRef = 339008C0264E94CD0034BA63 /* TransformType.swift */; };
		339008DB264E94CD0034BA63 /* MapError.swift in Sources */ = {isa = PBXBuildFile; fileRef = 339008C1264E94CD0034BA63 /* MapError.swift */; };
		339008DC264E94CD0034BA63 /* DateTransform.swift in Sources */ = {isa = PBXBuildFile; fileRef = 339008C2264E94CD0034BA63 /* DateTransform.swift */; };
		339008DD264E94CD0034BA63 /* DateFormatterTransform.swift in Sources */ = {isa = PBXBuildFile; fileRef = 339008C3264E94CD0034BA63 /* DateFormatterTransform.swift */; };
		339008DE264E94CD0034BA63 /* ToJSON.swift in Sources */ = {isa = PBXBuildFile; fileRef = 339008C4264E94CD0034BA63 /* ToJSON.swift */; };
		339008DF264E94CD0034BA63 /* TransformOf.swift in Sources */ = {isa = PBXBuildFile; fileRef = 339008C5264E94CD0034BA63 /* TransformOf.swift */; };
		339008E0264E94CD0034BA63 /* README-CN.md in Resources */ = {isa = PBXBuildFile; fileRef = 339008C6264E94CD0034BA63 /* README-CN.md */; };
		339008E3264E950F0034BA63 /* Constants.swift in Sources */ = {isa = PBXBuildFile; fileRef = 339008E2264E950F0034BA63 /* Constants.swift */; };
		339008E6264E958B0034BA63 /* Extensions.swift in Sources */ = {isa = PBXBuildFile; fileRef = 339008E5264E958B0034BA63 /* Extensions.swift */; };
		339008F8264E9A3A0034BA63 /* Rubik-Light.ttf in Resources */ = {isa = PBXBuildFile; fileRef = 339008EA264E9A390034BA63 /* Rubik-Light.ttf */; };
		339008F9264E9A3A0034BA63 /* Rubik-ExtraBold.ttf in Resources */ = {isa = PBXBuildFile; fileRef = 339008EB264E9A390034BA63 /* Rubik-ExtraBold.ttf */; };
		339008FA264E9A3A0034BA63 /* Rubik-Regular.ttf in Resources */ = {isa = PBXBuildFile; fileRef = 339008EC264E9A390034BA63 /* Rubik-Regular.ttf */; };
		339008FB264E9A3A0034BA63 /* Rubik-Medium.ttf in Resources */ = {isa = PBXBuildFile; fileRef = 339008ED264E9A390034BA63 /* Rubik-Medium.ttf */; };
		339008FC264E9A3A0034BA63 /* Rubik-LightItalic.ttf in Resources */ = {isa = PBXBuildFile; fileRef = 339008EE264E9A390034BA63 /* Rubik-LightItalic.ttf */; };
		339008FD264E9A3A0034BA63 /* Rubik-SemiBoldItalic.ttf in Resources */ = {isa = PBXBuildFile; fileRef = 339008EF264E9A390034BA63 /* Rubik-SemiBoldItalic.ttf */; };
		339008FE264E9A3A0034BA63 /* Rubik-BoldItalic.ttf in Resources */ = {isa = PBXBuildFile; fileRef = 339008F0264E9A390034BA63 /* Rubik-BoldItalic.ttf */; };
		339008FF264E9A3A0034BA63 /* Rubik-Black.ttf in Resources */ = {isa = PBXBuildFile; fileRef = 339008F1264E9A390034BA63 /* Rubik-Black.ttf */; };
		33900900264E9A3A0034BA63 /* Rubik-MediumItalic.ttf in Resources */ = {isa = PBXBuildFile; fileRef = 339008F2264E9A390034BA63 /* Rubik-MediumItalic.ttf */; };
		33900901264E9A3A0034BA63 /* Rubik-BlackItalic.ttf in Resources */ = {isa = PBXBuildFile; fileRef = 339008F3264E9A390034BA63 /* Rubik-BlackItalic.ttf */; };
		33900902264E9A3A0034BA63 /* Rubik-ExtraBoldItalic.ttf in Resources */ = {isa = PBXBuildFile; fileRef = 339008F4264E9A390034BA63 /* Rubik-ExtraBoldItalic.ttf */; };
		33900903264E9A3A0034BA63 /* Rubik-SemiBold.ttf in Resources */ = {isa = PBXBuildFile; fileRef = 339008F5264E9A390034BA63 /* Rubik-SemiBold.ttf */; };
		33900904264E9A3A0034BA63 /* Rubik-Italic.ttf in Resources */ = {isa = PBXBuildFile; fileRef = 339008F6264E9A3A0034BA63 /* Rubik-Italic.ttf */; };
		33900905264E9A3A0034BA63 /* Rubik-Bold.ttf in Resources */ = {isa = PBXBuildFile; fileRef = 339008F7264E9A3A0034BA63 /* Rubik-Bold.ttf */; };
/* End PBXBuildFile section */

/* Begin PBXFileReference section */
		3355A86C264EA47E00A366D1 /* CountryDetailViewController.swift */ = {isa = PBXFileReference; fileEncoding = 4; lastKnownFileType = sourcecode.swift; path = CountryDetailViewController.swift; sourceTree = "<group>"; };
		3355A86F264EA4DB00A366D1 /* SurroundingCountriesCell.swift */ = {isa = PBXFileReference; fileEncoding = 4; lastKnownFileType = sourcecode.swift; path = SurroundingCountriesCell.swift; sourceTree = "<group>"; };
		33900872264E8C750034BA63 /* CountryList.app */ = {isa = PBXFileReference; explicitFileType = wrapper.application; includeInIndex = 0; path = CountryList.app; sourceTree = BUILT_PRODUCTS_DIR; };
		33900875264E8C750034BA63 /* AppDelegate.swift */ = {isa = PBXFileReference; lastKnownFileType = sourcecode.swift; path = AppDelegate.swift; sourceTree = "<group>"; };
		3390087C264E8C750034BA63 /* Base */ = {isa = PBXFileReference; lastKnownFileType = file.storyboard; name = Base; path = Base.lproj/Main.storyboard; sourceTree = "<group>"; };
		3390087E264E8C760034BA63 /* Assets.xcassets */ = {isa = PBXFileReference; lastKnownFileType = folder.assetcatalog; path = Assets.xcassets; sourceTree = "<group>"; };
		33900881264E8C760034BA63 /* Base */ = {isa = PBXFileReference; lastKnownFileType = file.storyboard; name = Base; path = Base.lproj/LaunchScreen.storyboard; sourceTree = "<group>"; };
		33900883264E8C760034BA63 /* Info.plist */ = {isa = PBXFileReference; lastKnownFileType = text.plist.xml; path = Info.plist; sourceTree = "<group>"; };
		339008A2264E93E70034BA63 /* CountryCell.swift */ = {isa = PBXFileReference; fileEncoding = 4; lastKnownFileType = sourcecode.swift; path = CountryCell.swift; sourceTree = "<group>"; };
		339008A5264E94250034BA63 /* CountryListViewController.swift */ = {isa = PBXFileReference; fileEncoding = 4; lastKnownFileType = sourcecode.swift; path = CountryListViewController.swift; sourceTree = "<group>"; };
		339008A8264E94510034BA63 /* CountryObj.swift */ = {isa = PBXFileReference; fileEncoding = 4; lastKnownFileType = sourcecode.swift; path = CountryObj.swift; sourceTree = "<group>"; };
		339008AC264E94CD0034BA63 /* LICENSE */ = {isa = PBXFileReference; fileEncoding = 4; lastKnownFileType = text; path = LICENSE; sourceTree = "<group>"; };
		339008AE264E94CD0034BA63 /* Mappable.swift */ = {isa = PBXFileReference; fileEncoding = 4; lastKnownFileType = sourcecode.swift; path = Mappable.swift; sourceTree = "<group>"; };
		339008AF264E94CD0034BA63 /* CustomDateFormatTransform.swift */ = {isa = PBXFileReference; fileEncoding = 4; lastKnownFileType = sourcecode.swift; path = CustomDateFormatTransform.swift; sourceTree = "<group>"; };
		339008B0264E94CD0034BA63 /* HexColorTransform.swift */ = {isa = PBXFileReference; fileEncoding = 4; lastKnownFileType = sourcecode.swift; path = HexColorTransform.swift; sourceTree = "<group>"; };
		339008B1264E94CD0034BA63 /* ISO8601DateTransform.swift */ = {isa = PBXFileReference; fileEncoding = 4; lastKnownFileType = sourcecode.swift; path = ISO8601DateTransform.swift; sourceTree = "<group>"; };
		339008B2264E94CD0034BA63 /* URLTransform.swift */ = {isa = PBXFileReference; fileEncoding = 4; lastKnownFileType = sourcecode.swift; path = URLTransform.swift; sourceTree = "<group>"; };
		339008B3264E94CD0034BA63 /* NSDecimalNumberTransform.swift */ = {isa = PBXFileReference; fileEncoding = 4; lastKnownFileType = sourcecode.swift; path = NSDecimalNumberTransform.swift; sourceTree = "<group>"; };
		339008B4264E94CD0034BA63 /* Operators.swift */ = {isa = PBXFileReference; fileEncoding = 4; lastKnownFileType = sourcecode.swift; path = Operators.swift; sourceTree = "<group>"; };
		339008B5264E94CD0034BA63 /* EnumOperators.swift */ = {isa = PBXFileReference; fileEncoding = 4; lastKnownFileType = sourcecode.swift; path = EnumOperators.swift; sourceTree = "<group>"; };
		339008B6264E94CD0034BA63 /* EnumTransform.swift */ = {isa = PBXFileReference; fileEncoding = 4; lastKnownFileType = sourcecode.swift; path = EnumTransform.swift; sourceTree = "<group>"; };
		339008B7264E94CD0034BA63 /* DataTransform.swift */ = {isa = PBXFileReference; fileEncoding = 4; lastKnownFileType = sourcecode.swift; path = DataTransform.swift; sourceTree = "<group>"; };
		339008B8264E94CD0034BA63 /* Mapper.swift */ = {isa = PBXFileReference; fileEncoding = 4; lastKnownFileType = sourcecode.swift; path = Mapper.swift; sourceTree = "<group>"; };
		339008B9264E94CD0034BA63 /* Map.swift */ = {isa = PBXFileReference; fileEncoding = 4; lastKnownFileType = sourcecode.swift; path = Map.swift; sourceTree = "<group>"; };
		339008BA264E94CD0034BA63 /* FromJSON.swift */ = {isa = PBXFileReference; fileEncoding = 4; lastKnownFileType = sourcecode.swift; path = FromJSON.swift; sourceTree = "<group>"; };
		339008BB264E94CD0034BA63 /* DictionaryTransform.swift */ = {isa = PBXFileReference; fileEncoding = 4; lastKnownFileType = sourcecode.swift; path = DictionaryTransform.swift; sourceTree = "<group>"; };
		339008BC264E94CD0034BA63 /* TransformOperators.swift */ = {isa = PBXFileReference; fileEncoding = 4; lastKnownFileType = sourcecode.swift; path = TransformOperators.swift; sourceTree = "<group>"; };
		339008BD264E94CD0034BA63 /* CodableTransform.swift */ = {isa = PBXFileReference; fileEncoding = 4; lastKnownFileType = sourcecode.swift; path = CodableTransform.swift; sourceTree = "<group>"; };
		339008BE264E94CD0034BA63 /* ImmutableMappable.swift */ = {isa = PBXFileReference; fileEncoding = 4; lastKnownFileType = sourcecode.swift; path = ImmutableMappable.swift; sourceTree = "<group>"; };
		339008BF264E94CD0034BA63 /* IntegerOperators.swift */ = {isa = PBXFileReference; fileEncoding = 4; lastKnownFileType = sourcecode.swift; path = IntegerOperators.swift; sourceTree = "<group>"; };
		339008C0264E94CD0034BA63 /* TransformType.swift */ = {isa = PBXFileReference; fileEncoding = 4; lastKnownFileType = sourcecode.swift; path = TransformType.swift; sourceTree = "<group>"; };
		339008C1264E94CD0034BA63 /* MapError.swift */ = {isa = PBXFileReference; fileEncoding = 4; lastKnownFileType = sourcecode.swift; path = MapError.swift; sourceTree = "<group>"; };
		339008C2264E94CD0034BA63 /* DateTransform.swift */ = {isa = PBXFileReference; fileEncoding = 4; lastKnownFileType = sourcecode.swift; path = DateTransform.swift; sourceTree = "<group>"; };
		339008C3264E94CD0034BA63 /* DateFormatterTransform.swift */ = {isa = PBXFileReference; fileEncoding = 4; lastKnownFileType = sourcecode.swift; path = DateFormatterTransform.swift; sourceTree = "<group>"; };
		339008C4264E94CD0034BA63 /* ToJSON.swift */ = {isa = PBXFileReference; fileEncoding = 4; lastKnownFileType = sourcecode.swift; path = ToJSON.swift; sourceTree = "<group>"; };
		339008C5264E94CD0034BA63 /* TransformOf.swift */ = {isa = PBXFileReference; fileEncoding = 4; lastKnownFileType = sourcecode.swift; path = TransformOf.swift; sourceTree = "<group>"; };
		339008C6264E94CD0034BA63 /* README-CN.md */ = {isa = PBXFileReference; fileEncoding = 4; lastKnownFileType = net.daringfireball.markdown; path = "README-CN.md"; sourceTree = "<group>"; };
		339008E2264E950F0034BA63 /* Constants.swift */ = {isa = PBXFileReference; fileEncoding = 4; lastKnownFileType = sourcecode.swift; path = Constants.swift; sourceTree = "<group>"; };
		339008E5264E958B0034BA63 /* Extensions.swift */ = {isa = PBXFileReference; fileEncoding = 4; lastKnownFileType = sourcecode.swift; path = Extensions.swift; sourceTree = "<group>"; };
		339008EA264E9A390034BA63 /* Rubik-Light.ttf */ = {isa = PBXFileReference; lastKnownFileType = file; path = "Rubik-Light.ttf"; sourceTree = "<group>"; };
		339008EB264E9A390034BA63 /* Rubik-ExtraBold.ttf */ = {isa = PBXFileReference; lastKnownFileType = file; path = "Rubik-ExtraBold.ttf"; sourceTree = "<group>"; };
		339008EC264E9A390034BA63 /* Rubik-Regular.ttf */ = {isa = PBXFileReference; lastKnownFileType = file; path = "Rubik-Regular.ttf"; sourceTree = "<group>"; };
		339008ED264E9A390034BA63 /* Rubik-Medium.ttf */ = {isa = PBXFileReference; lastKnownFileType = file; path = "Rubik-Medium.ttf"; sourceTree = "<group>"; };
		339008EE264E9A390034BA63 /* Rubik-LightItalic.ttf */ = {isa = PBXFileReference; lastKnownFileType = file; path = "Rubik-LightItalic.ttf"; sourceTree = "<group>"; };
		339008EF264E9A390034BA63 /* Rubik-SemiBoldItalic.ttf */ = {isa = PBXFileReference; lastKnownFileType = file; path = "Rubik-SemiBoldItalic.ttf"; sourceTree = "<group>"; };
		339008F0264E9A390034BA63 /* Rubik-BoldItalic.ttf */ = {isa = PBXFileReference; lastKnownFileType = file; path = "Rubik-BoldItalic.ttf"; sourceTree = "<group>"; };
		339008F1264E9A390034BA63 /* Rubik-Black.ttf */ = {isa = PBXFileReference; lastKnownFileType = file; path = "Rubik-Black.ttf"; sourceTree = "<group>"; };
		339008F2264E9A390034BA63 /* Rubik-MediumItalic.ttf */ = {isa = PBXFileReference; lastKnownFileType = file; path = "Rubik-MediumItalic.ttf"; sourceTree = "<group>"; };
		339008F3264E9A390034BA63 /* Rubik-BlackItalic.ttf */ = {isa = PBXFileReference; lastKnownFileType = file; path = "Rubik-BlackItalic.ttf"; sourceTree = "<group>"; };
		339008F4264E9A390034BA63 /* Rubik-ExtraBoldItalic.ttf */ = {isa = PBXFileReference; lastKnownFileType = file; path = "Rubik-ExtraBoldItalic.ttf"; sourceTree = "<group>"; };
		339008F5264E9A390034BA63 /* Rubik-SemiBold.ttf */ = {isa = PBXFileReference; lastKnownFileType = file; path = "Rubik-SemiBold.ttf"; sourceTree = "<group>"; };
		339008F6264E9A3A0034BA63 /* Rubik-Italic.ttf */ = {isa = PBXFileReference; lastKnownFileType = file; path = "Rubik-Italic.ttf"; sourceTree = "<group>"; };
		339008F7264E9A3A0034BA63 /* Rubik-Bold.ttf */ = {isa = PBXFileReference; lastKnownFileType = file; path = "Rubik-Bold.ttf"; sourceTree = "<group>"; };
/* End PBXFileReference section */

/* Begin PBXFrameworksBuildPhase section */
		3390086F264E8C750034BA63 /* Frameworks */ = {
			isa = PBXFrameworksBuildPhase;
			buildActionMask = 2147483647;
			files = (
			);
			runOnlyForDeploymentPostprocessing = 0;
		};
/* End PBXFrameworksBuildPhase section */

/* Begin PBXGroup section */
		33900869264E8C750034BA63 = {
			isa = PBXGroup;
			children = (
				33900874264E8C750034BA63 /* CountryList */,
				33900873264E8C750034BA63 /* Products */,
			);
			sourceTree = "<group>";
		};
		33900873264E8C750034BA63 /* Products */ = {
			isa = PBXGroup;
			children = (
				33900872264E8C750034BA63 /* CountryList.app */,
			);
			name = Products;
			sourceTree = "<group>";
		};
		33900874264E8C750034BA63 /* CountryList */ = {
			isa = PBXGroup;
			children = (
				33900891264E8D500034BA63 /* AppDelegate */,
				33900890264E8D3A0034BA63 /* Storyboards */,
				3390088F264E8D350034BA63 /* Resources */,
				3390088E264E8D300034BA63 /* Models */,
				3390088D264E8D290034BA63 /* Common */,
				3390088C264E8D220034BA63 /* CustomCells */,
				3390088B264E8D1A0034BA63 /* ViewControllers */,
				33900883264E8C760034BA63 /* Info.plist */,
			);
			path = CountryList;
			sourceTree = "<group>";
		};
		3390088B264E8D1A0034BA63 /* ViewControllers */ = {
			isa = PBXGroup;
			children = (
				339008A5264E94250034BA63 /* CountryListViewController.swift */,
				3355A86C264EA47E00A366D1 /* CountryDetailViewController.swift */,
			);
			path = ViewControllers;
			sourceTree = "<group>";
		};
		3390088C264E8D220034BA63 /* CustomCells */ = {
			isa = PBXGroup;
			children = (
				339008A2264E93E70034BA63 /* CountryCell.swift */,
				3355A86F264EA4DB00A366D1 /* SurroundingCountriesCell.swift */,
			);
			path = CustomCells;
			sourceTree = "<group>";
		};
		3390088D264E8D290034BA63 /* Common */ = {
			isa = PBXGroup;
			children = (
				339008E2264E950F0034BA63 /* Constants.swift */,
				339008E5264E958B0034BA63 /* Extensions.swift */,
				339008AB264E94CD0034BA63 /* ObjectMapper */,
				33900894264E8DAC0034BA63 /* CustomFonts */,
			);
			path = Common;
			sourceTree = "<group>";
		};
		3390088E264E8D300034BA63 /* Models */ = {
			isa = PBXGroup;
			children = (
				339008A8264E94510034BA63 /* CountryObj.swift */,
			);
			path = Models;
			sourceTree = "<group>";
		};
		3390088F264E8D350034BA63 /* Resources */ = {
			isa = PBXGroup;
			children = (
				3390087E264E8C760034BA63 /* Assets.xcassets */,
			);
			path = Resources;
			sourceTree = "<group>";
		};
		33900890264E8D3A0034BA63 /* Storyboards */ = {
			isa = PBXGroup;
			children = (
				3390087B264E8C750034BA63 /* Main.storyboard */,
				33900880264E8C760034BA63 /* LaunchScreen.storyboard */,
			);
			path = Storyboards;
			sourceTree = "<group>";
		};
		33900891264E8D500034BA63 /* AppDelegate */ = {
			isa = PBXGroup;
			children = (
				33900875264E8C750034BA63 /* AppDelegate.swift */,
			);
			path = AppDelegate;
			sourceTree = "<group>";
		};
		33900894264E8DAC0034BA63 /* CustomFonts */ = {
			isa = PBXGroup;
			children = (
				339008F1264E9A390034BA63 /* Rubik-Black.ttf */,
				339008F3264E9A390034BA63 /* Rubik-BlackItalic.ttf */,
				339008F7264E9A3A0034BA63 /* Rubik-Bold.ttf */,
				339008F0264E9A390034BA63 /* Rubik-BoldItalic.ttf */,
				339008EB264E9A390034BA63 /* Rubik-ExtraBold.ttf */,
				339008F4264E9A390034BA63 /* Rubik-ExtraBoldItalic.ttf */,
				339008F6264E9A3A0034BA63 /* Rubik-Italic.ttf */,
				339008EA264E9A390034BA63 /* Rubik-Light.ttf */,
				339008EE264E9A390034BA63 /* Rubik-LightItalic.ttf */,
				339008ED264E9A390034BA63 /* Rubik-Medium.ttf */,
				339008F2264E9A390034BA63 /* Rubik-MediumItalic.ttf */,
				339008EC264E9A390034BA63 /* Rubik-Regular.ttf */,
				339008F5264E9A390034BA63 /* Rubik-SemiBold.ttf */,
				339008EF264E9A390034BA63 /* Rubik-SemiBoldItalic.ttf */,
			);
			path = CustomFonts;
			sourceTree = "<group>";
		};
		339008AB264E94CD0034BA63 /* ObjectMapper */ = {
			isa = PBXGroup;
			children = (
				339008AC264E94CD0034BA63 /* LICENSE */,
				339008AD264E94CD0034BA63 /* Sources */,
				339008C6264E94CD0034BA63 /* README-CN.md */,
			);
			path = ObjectMapper;
			sourceTree = "<group>";
		};
		339008AD264E94CD0034BA63 /* Sources */ = {
			isa = PBXGroup;
			children = (
				339008AE264E94CD0034BA63 /* Mappable.swift */,
				339008AF264E94CD0034BA63 /* CustomDateFormatTransform.swift */,
				339008B0264E94CD0034BA63 /* HexColorTransform.swift */,
				339008B1264E94CD0034BA63 /* ISO8601DateTransform.swift */,
				339008B2264E94CD0034BA63 /* URLTransform.swift */,
				339008B3264E94CD0034BA63 /* NSDecimalNumberTransform.swift */,
				339008B4264E94CD0034BA63 /* Operators.swift */,
				339008B5264E94CD0034BA63 /* EnumOperators.swift */,
				339008B6264E94CD0034BA63 /* EnumTransform.swift */,
				339008B7264E94CD0034BA63 /* DataTransform.swift */,
				339008B8264E94CD0034BA63 /* Mapper.swift */,
				339008B9264E94CD0034BA63 /* Map.swift */,
				339008BA264E94CD0034BA63 /* FromJSON.swift */,
				339008BB264E94CD0034BA63 /* DictionaryTransform.swift */,
				339008BC264E94CD0034BA63 /* TransformOperators.swift */,
				339008BD264E94CD0034BA63 /* CodableTransform.swift */,
				339008BE264E94CD0034BA63 /* ImmutableMappable.swift */,
				339008BF264E94CD0034BA63 /* IntegerOperators.swift */,
				339008C0264E94CD0034BA63 /* TransformType.swift */,
				339008C1264E94CD0034BA63 /* MapError.swift */,
				339008C2264E94CD0034BA63 /* DateTransform.swift */,
				339008C3264E94CD0034BA63 /* DateFormatterTransform.swift */,
				339008C4264E94CD0034BA63 /* ToJSON.swift */,
				339008C5264E94CD0034BA63 /* TransformOf.swift */,
			);
			path = Sources;
			sourceTree = "<group>";
		};
/* End PBXGroup section */

/* Begin PBXNativeTarget section */
		33900871264E8C750034BA63 /* CountryList */ = {
			isa = PBXNativeTarget;
			buildConfigurationList = 33900886264E8C760034BA63 /* Build configuration list for PBXNativeTarget "CountryList" */;
			buildPhases = (
				3390086E264E8C750034BA63 /* Sources */,
				3390086F264E8C750034BA63 /* Frameworks */,
				33900870264E8C750034BA63 /* Resources */,
			);
			buildRules = (
			);
			dependencies = (
			);
			name = CountryList;
			productName = CountryList;
			productReference = 33900872264E8C750034BA63 /* CountryList.app */;
			productType = "com.apple.product-type.application";
		};
/* End PBXNativeTarget section */

/* Begin PBXProject section */
		3390086A264E8C750034BA63 /* Project object */ = {
			isa = PBXProject;
			attributes = {
				LastSwiftUpdateCheck = 1240;
				LastUpgradeCheck = 1240;
				TargetAttributes = {
					33900871264E8C750034BA63 = {
						CreatedOnToolsVersion = 12.4;
					};
				};
			};
			buildConfigurationList = 3390086D264E8C750034BA63 /* Build configuration list for PBXProject "CountryList" */;
			compatibilityVersion = "Xcode 9.3";
			developmentRegion = en;
			hasScannedForEncodings = 0;
			knownRegions = (
				en,
				Base,
			);
			mainGroup = 33900869264E8C750034BA63;
			productRefGroup = 33900873264E8C750034BA63 /* Products */;
			projectDirPath = "";
			projectRoot = "";
			targets = (
				33900871264E8C750034BA63 /* CountryList */,
			);
		};
/* End PBXProject section */

/* Begin PBXResourcesBuildPhase section */
		33900870264E8C750034BA63 /* Resources */ = {
			isa = PBXResourcesBuildPhase;
			buildActionMask = 2147483647;
			files = (
				339008FA264E9A3A0034BA63 /* Rubik-Regular.ttf in Resources */,
				339008F9264E9A3A0034BA63 /* Rubik-ExtraBold.ttf in Resources */,
				339008F8264E9A3A0034BA63 /* Rubik-Light.ttf in Resources */,
				339008E0264E94CD0034BA63 /* README-CN.md in Resources */,
				33900882264E8C760034BA63 /* LaunchScreen.storyboard in Resources */,
				33900900264E9A3A0034BA63 /* Rubik-MediumItalic.ttf in Resources */,
				339008FE264E9A3A0034BA63 /* Rubik-BoldItalic.ttf in Resources */,
				339008C7264E94CD0034BA63 /* LICENSE in Resources */,
				33900901264E9A3A0034BA63 /* Rubik-BlackItalic.ttf in Resources */,
				339008FC264E9A3A0034BA63 /* Rubik-LightItalic.ttf in Resources */,
				339008FB264E9A3A0034BA63 /* Rubik-Medium.ttf in Resources */,
				339008FF264E9A3A0034BA63 /* Rubik-Black.ttf in Resources */,
				3390087F264E8C760034BA63 /* Assets.xcassets in Resources */,
				3390087D264E8C750034BA63 /* Main.storyboard in Resources */,
				33900905264E9A3A0034BA63 /* Rubik-Bold.ttf in Resources */,
				339008FD264E9A3A0034BA63 /* Rubik-SemiBoldItalic.ttf in Resources */,
				33900904264E9A3A0034BA63 /* Rubik-Italic.ttf in Resources */,
				33900903264E9A3A0034BA63 /* Rubik-SemiBold.ttf in Resources */,
				33900902264E9A3A0034BA63 /* Rubik-ExtraBoldItalic.ttf in Resources */,
			);
			runOnlyForDeploymentPostprocessing = 0;
		};
/* End PBXResourcesBuildPhase section */

/* Begin PBXSourcesBuildPhase section */
		3390086E264E8C750034BA63 /* Sources */ = {
			isa = PBXSourcesBuildPhase;
			buildActionMask = 2147483647;
			files = (
				339008D9264E94CD0034BA63 /* IntegerOperators.swift in Sources */,
				339008DC264E94CD0034BA63 /* DateTransform.swift in Sources */,
				339008C9264E94CD0034BA63 /* CustomDateFormatTransform.swift in Sources */,
				339008CB264E94CD0034BA63 /* ISO8601DateTransform.swift in Sources */,
				339008D3264E94CD0034BA63 /* Map.swift in Sources */,
				339008DF264E94CD0034BA63 /* TransformOf.swift in Sources */,
				339008D6264E94CD0034BA63 /* TransformOperators.swift in Sources */,
				339008CC264E94CD0034BA63 /* URLTransform.swift in Sources */,
				339008E3264E950F0034BA63 /* Constants.swift in Sources */,
				339008D0264E94CD0034BA63 /* EnumTransform.swift in Sources */,
				339008D2264E94CD0034BA63 /* Mapper.swift in Sources */,
				33900876264E8C750034BA63 /* AppDelegate.swift in Sources */,
				339008CD264E94CD0034BA63 /* NSDecimalNumberTransform.swift in Sources */,
				339008DA264E94CD0034BA63 /* TransformType.swift in Sources */,
				339008D8264E94CD0034BA63 /* ImmutableMappable.swift in Sources */,
				339008C8264E94CD0034BA63 /* Mappable.swift in Sources */,
				339008CE264E94CD0034BA63 /* Operators.swift in Sources */,
				339008D1264E94CD0034BA63 /* DataTransform.swift in Sources */,
				339008D4264E94CD0034BA63 /* FromJSON.swift in Sources */,
				339008CA264E94CD0034BA63 /* HexColorTransform.swift in Sources */,
				339008DB264E94CD0034BA63 /* MapError.swift in Sources */,
				3355A870264EA4DB00A366D1 /* SurroundingCountriesCell.swift in Sources */,
				339008A6264E94250034BA63 /* CountryListViewController.swift in Sources */,
				3355A86D264EA47E00A366D1 /* CountryDetailViewController.swift in Sources */,
				339008D7264E94CD0034BA63 /* CodableTransform.swift in Sources */,
				339008DD264E94CD0034BA63 /* DateFormatterTransform.swift in Sources */,
				339008D5264E94CD0034BA63 /* DictionaryTransform.swift in Sources */,
				339008E6264E958B0034BA63 /* Extensions.swift in Sources */,
				339008DE264E94CD0034BA63 /* ToJSON.swift in Sources */,
				339008A9264E94510034BA63 /* CountryObj.swift in Sources */,
				339008CF264E94CD0034BA63 /* EnumOperators.swift in Sources */,
				339008A3264E93E70034BA63 /* CountryCell.swift in Sources */,
			);
			runOnlyForDeploymentPostprocessing = 0;
		};
/* End PBXSourcesBuildPhase section */

/* Begin PBXVariantGroup section */
		3390087B264E8C750034BA63 /* Main.storyboard */ = {
			isa = PBXVariantGroup;
			children = (
				3390087C264E8C750034BA63 /* Base */,
			);
			name = Main.storyboard;
			sourceTree = "<group>";
		};
		33900880264E8C760034BA63 /* LaunchScreen.storyboard */ = {
			isa = PBXVariantGroup;
			children = (
				33900881264E8C760034BA63 /* Base */,
			);
			name = LaunchScreen.storyboard;
			sourceTree = "<group>";
		};
/* End PBXVariantGroup section */

/* Begin XCBuildConfiguration section */
		33900884264E8C760034BA63 /* Debug */ = {
			isa = XCBuildConfiguration;
			buildSettings = {
				ALWAYS_SEARCH_USER_PATHS = NO;
				CLANG_ANALYZER_NONNULL = YES;
				CLANG_ANALYZER_NUMBER_OBJECT_CONVERSION = YES_AGGRESSIVE;
				CLANG_CXX_LANGUAGE_STANDARD = "gnu++14";
				CLANG_CXX_LIBRARY = "libc++";
				CLANG_ENABLE_MODULES = YES;
				CLANG_ENABLE_OBJC_ARC = YES;
				CLANG_ENABLE_OBJC_WEAK = YES;
				CLANG_WARN_BLOCK_CAPTURE_AUTORELEASING = YES;
				CLANG_WARN_BOOL_CONVERSION = YES;
				CLANG_WARN_COMMA = YES;
				CLANG_WARN_CONSTANT_CONVERSION = YES;
				CLANG_WARN_DEPRECATED_OBJC_IMPLEMENTATIONS = YES;
				CLANG_WARN_DIRECT_OBJC_ISA_USAGE = YES_ERROR;
				CLANG_WARN_DOCUMENTATION_COMMENTS = YES;
				CLANG_WARN_EMPTY_BODY = YES;
				CLANG_WARN_ENUM_CONVERSION = YES;
				CLANG_WARN_INFINITE_RECURSION = YES;
				CLANG_WARN_INT_CONVERSION = YES;
				CLANG_WARN_NON_LITERAL_NULL_CONVERSION = YES;
				CLANG_WARN_OBJC_IMPLICIT_RETAIN_SELF = YES;
				CLANG_WARN_OBJC_LITERAL_CONVERSION = YES;
				CLANG_WARN_OBJC_ROOT_CLASS = YES_ERROR;
				CLANG_WARN_QUOTED_INCLUDE_IN_FRAMEWORK_HEADER = YES;
				CLANG_WARN_RANGE_LOOP_ANALYSIS = YES;
				CLANG_WARN_STRICT_PROTOTYPES = YES;
				CLANG_WARN_SUSPICIOUS_MOVE = YES;
				CLANG_WARN_UNGUARDED_AVAILABILITY = YES_AGGRESSIVE;
				CLANG_WARN_UNREACHABLE_CODE = YES;
				CLANG_WARN__DUPLICATE_METHOD_MATCH = YES;
				COPY_PHASE_STRIP = NO;
				DEBUG_INFORMATION_FORMAT = dwarf;
				ENABLE_STRICT_OBJC_MSGSEND = YES;
				ENABLE_TESTABILITY = YES;
				GCC_C_LANGUAGE_STANDARD = gnu11;
				GCC_DYNAMIC_NO_PIC = NO;
				GCC_NO_COMMON_BLOCKS = YES;
				GCC_OPTIMIZATION_LEVEL = 0;
				GCC_PREPROCESSOR_DEFINITIONS = (
					"DEBUG=1",
					"$(inherited)",
				);
				GCC_WARN_64_TO_32_BIT_CONVERSION = YES;
				GCC_WARN_ABOUT_RETURN_TYPE = YES_ERROR;
				GCC_WARN_UNDECLARED_SELECTOR = YES;
				GCC_WARN_UNINITIALIZED_AUTOS = YES_AGGRESSIVE;
				GCC_WARN_UNUSED_FUNCTION = YES;
				GCC_WARN_UNUSED_VARIABLE = YES;
				IPHONEOS_DEPLOYMENT_TARGET = 14.4;
				MTL_ENABLE_DEBUG_INFO = INCLUDE_SOURCE;
				MTL_FAST_MATH = YES;
				ONLY_ACTIVE_ARCH = YES;
				SDKROOT = iphoneos;
				SWIFT_ACTIVE_COMPILATION_CONDITIONS = DEBUG;
				SWIFT_OPTIMIZATION_LEVEL = "-Onone";
			};
			name = Debug;
		};
		33900885264E8C760034BA63 /* Release */ = {
			isa = XCBuildConfiguration;
			buildSettings = {
				ALWAYS_SEARCH_USER_PATHS = NO;
				CLANG_ANALYZER_NONNULL = YES;
				CLANG_ANALYZER_NUMBER_OBJECT_CONVERSION = YES_AGGRESSIVE;
				CLANG_CXX_LANGUAGE_STANDARD = "gnu++14";
				CLANG_CXX_LIBRARY = "libc++";
				CLANG_ENABLE_MODULES = YES;
				CLANG_ENABLE_OBJC_ARC = YES;
				CLANG_ENABLE_OBJC_WEAK = YES;
				CLANG_WARN_BLOCK_CAPTURE_AUTORELEASING = YES;
				CLANG_WARN_BOOL_CONVERSION = YES;
				CLANG_WARN_COMMA = YES;
				CLANG_WARN_CONSTANT_CONVERSION = YES;
				CLANG_WARN_DEPRECATED_OBJC_IMPLEMENTATIONS = YES;
				CLANG_WARN_DIRECT_OBJC_ISA_USAGE = YES_ERROR;
				CLANG_WARN_DOCUMENTATION_COMMENTS = YES;
				CLANG_WARN_EMPTY_BODY = YES;
				CLANG_WARN_ENUM_CONVERSION = YES;
				CLANG_WARN_INFINITE_RECURSION = YES;
				CLANG_WARN_INT_CONVERSION = YES;
				CLANG_WARN_NON_LITERAL_NULL_CONVERSION = YES;
				CLANG_WARN_OBJC_IMPLICIT_RETAIN_SELF = YES;
				CLANG_WARN_OBJC_LITERAL_CONVERSION = YES;
				CLANG_WARN_OBJC_ROOT_CLASS = YES_ERROR;
				CLANG_WARN_QUOTED_INCLUDE_IN_FRAMEWORK_HEADER = YES;
				CLANG_WARN_RANGE_LOOP_ANALYSIS = YES;
				CLANG_WARN_STRICT_PROTOTYPES = YES;
				CLANG_WARN_SUSPICIOUS_MOVE = YES;
				CLANG_WARN_UNGUARDED_AVAILABILITY = YES_AGGRESSIVE;
				CLANG_WARN_UNREACHABLE_CODE = YES;
				CLANG_WARN__DUPLICATE_METHOD_MATCH = YES;
				COPY_PHASE_STRIP = NO;
				DEBUG_INFORMATION_FORMAT = "dwarf-with-dsym";
				ENABLE_NS_ASSERTIONS = NO;
				ENABLE_STRICT_OBJC_MSGSEND = YES;
				GCC_C_LANGUAGE_STANDARD = gnu11;
				GCC_NO_COMMON_BLOCKS = YES;
				GCC_WARN_64_TO_32_BIT_CONVERSION = YES;
				GCC_WARN_ABOUT_RETURN_TYPE = YES_ERROR;
				GCC_WARN_UNDECLARED_SELECTOR = YES;
				GCC_WARN_UNINITIALIZED_AUTOS = YES_AGGRESSIVE;
				GCC_WARN_UNUSED_FUNCTION = YES;
				GCC_WARN_UNUSED_VARIABLE = YES;
				IPHONEOS_DEPLOYMENT_TARGET = 14.4;
				MTL_ENABLE_DEBUG_INFO = NO;
				MTL_FAST_MATH = YES;
				SDKROOT = iphoneos;
				SWIFT_COMPILATION_MODE = wholemodule;
				SWIFT_OPTIMIZATION_LEVEL = "-O";
				VALIDATE_PRODUCT = YES;
			};
			name = Release;
		};
		33900887264E8C760034BA63 /* Debug */ = {
			isa = XCBuildConfiguration;
			buildSettings = {
				ASSETCATALOG_COMPILER_APPICON_NAME = AppIcon;
				ASSETCATALOG_COMPILER_GLOBAL_ACCENT_COLOR_NAME = AccentColor;
				CODE_SIGN_STYLE = Manual;
				DEVELOPMENT_TEAM = "";
				INFOPLIST_FILE = CountryList/Info.plist;
				LD_RUNPATH_SEARCH_PATHS = (
					"$(inherited)",
					"@executable_path/Frameworks",
				);
				PRODUCT_BUNDLE_IDENTIFIER = com.countrylist.CountryList;
				PRODUCT_NAME = "$(TARGET_NAME)";
				PROVISIONING_PROFILE_SPECIFIER = "";
				SWIFT_VERSION = 5.0;
				TARGETED_DEVICE_FAMILY = "1,2";
			};
			name = Debug;
		};
		33900888264E8C760034BA63 /* Release */ = {
			isa = XCBuildConfiguration;
			buildSettings = {
				ASSETCATALOG_COMPILER_APPICON_NAME = AppIcon;
				ASSETCATALOG_COMPILER_GLOBAL_ACCENT_COLOR_NAME = AccentColor;
				CODE_SIGN_STYLE = Manual;
				DEVELOPMENT_TEAM = "";
				INFOPLIST_FILE = CountryList/Info.plist;
				LD_RUNPATH_SEARCH_PATHS = (
					"$(inherited)",
					"@executable_path/Frameworks",
				);
				PRODUCT_BUNDLE_IDENTIFIER = com.countrylist.CountryList;
				PRODUCT_NAME = "$(TARGET_NAME)";
				PROVISIONING_PROFILE_SPECIFIER = "";
				SWIFT_VERSION = 5.0;
				TARGETED_DEVICE_FAMILY = "1,2";
			};
			name = Release;
		};
/* End XCBuildConfiguration section */

/* Begin XCConfigurationList section */
		3390086D264E8C750034BA63 /* Build configuration list for PBXProject "CountryList" */ = {
			isa = XCConfigurationList;
			buildConfigurations = (
				33900884264E8C760034BA63 /* Debug */,
				33900885264E8C760034BA63 /* Release */,
			);
			defaultConfigurationIsVisible = 0;
			defaultConfigurationName = Release;
		};
		33900886264E8C760034BA63 /* Build configuration list for PBXNativeTarget "CountryList" */ = {
			isa = XCConfigurationList;
			buildConfigurations = (
				33900887264E8C760034BA63 /* Debug */,
				33900888264E8C760034BA63 /* Release */,
			);
			defaultConfigurationIsVisible = 0;
			defaultConfigurationName = Release;
		};
/* End XCConfigurationList section */
	};
	rootObject = 3390086A264E8C750034BA63 /* Project object */;
}
